
Microsoft Visual Studio Solution File, Format Version 12.00
# Visual Studio Version 16
VisualStudioVersion = 16.0.31613.86
MinimumVisualStudioVersion = 10.0.40219.1
Project("{FAE04EC0-301F-11D3-BF4B-00C04F79EFBC}") = "Banco", "Banco\Banco.csproj", "{49F9E699-D14F-46BA-992B-DCDC68ADB714}"
EndProject
Global
	GlobalSection(SolutionConfigurationPlatforms) = preSolution
		Debug|Any CPU = Debug|Any CPU
		Release|Any CPU = Release|Any CPU
	EndGlobalSection
	GlobalSection(ProjectConfigurationPlatforms) = postSolution
		{49F9E699-D14F-46BA-992B-DCDC68ADB714}.Debug|Any CPU.ActiveCfg = Debug|Any CPU
		{49F9E699-D14F-46BA-992B-DCDC68ADB714}.Debug|Any CPU.Build.0 = Debug|Any CPU
		{49F9E699-D14F-46BA-992B-DCDC68ADB714}.Release|Any CPU.ActiveCfg = Release|Any CPU
		{49F9E699-D14F-46BA-992B-DCDC68ADB714}.Release|Any CPU.Build.0 = Release|Any CPU
	EndGlobalSection
	GlobalSection(SolutionProperties) = preSolution
		HideSolutionNode = FALSE
	EndGlobalSection
	GlobalSection(ExtensibilityGlobals) = postSolution
		SolutionGuid = {6A588D5D-B4FC-4C41-86AA-D2B59934EDC8}
	EndGlobalSection
EndGlobal
